
Microsoft Visual Studio Solution File, Format Version 12.00
# Visual Studio Version 16
VisualStudioVersion = 16.0.30114.105
MinimumVisualStudioVersion = 10.0.40219.1
Project("{9A19103F-16F7-4668-BE54-9A1E7A4F7556}") = "Amazonia.BLL", "Amazonia.BLL\Amazonia.BLL.csproj", "{949D8B4C-A16C-4DCE-921F-A1E0E63749F5}"
EndProject
Project("{9A19103F-16F7-4668-BE54-9A1E7A4F7556}") = "Amazonia.DAL", "Amazonia.DAL\Amazonia.DAL.csproj", "{89CDA456-0464-430B-871C-DDCF177D2380}"
EndProject
Project("{9A19103F-16F7-4668-BE54-9A1E7A4F7556}") = "Amazonia.WebAPI", "Amazonia.WebAPI\Amazonia.WebAPI.csproj", "{C8EDD1FA-8566-4CCA-9581-1A8B5763EED2}"
EndProject
Project("{9A19103F-16F7-4668-BE54-9A1E7A4F7556}") = "Amazonia.WebAPP", "Amazonia.WebAPP\Amazonia.WebAPP.csproj", "{EAE8FB49-70C3-4E7B-A7F0-A3FEDC9B6DCD}"
EndProject
Project("{9A19103F-16F7-4668-BE54-9A1E7A4F7556}") = "Amazonia.ConsoleAPP", "Amazonia.ConsoleAPP\Amazonia.ConsoleAPP.csproj", "{891C0493-6314-4BEC-83AC-1E37AE5CE117}"
EndProject
Project("{9A19103F-16F7-4668-BE54-9A1E7A4F7556}") = "Amazonia.BLL.Tests", "Amazonia.BLL.Tests\Amazonia.BLL.Tests.csproj", "{62894630-4EE2-4E3D-8B4F-6034B1117378}"
EndProject
Project("{FAE04EC0-301F-11D3-BF4B-00C04F79EFBC}") = "Amazonia.DAL.Tests", "Amazonia.DAL.Tests\Amazonia.DAL.Tests.csproj", "{4E9E027D-3FF3-43DF-B52B-0B43C9003339}"
EndProject
Global
	GlobalSection(SolutionConfigurationPlatforms) = preSolution
		Debug|Any CPU = Debug|Any CPU
		Debug|x64 = Debug|x64
		Debug|x86 = Debug|x86
		Release|Any CPU = Release|Any CPU
		Release|x64 = Release|x64
		Release|x86 = Release|x86
	EndGlobalSection
	GlobalSection(ProjectConfigurationPlatforms) = postSolution
		{949D8B4C-A16C-4DCE-921F-A1E0E63749F5}.Debug|Any CPU.ActiveCfg = Debug|Any CPU
		{949D8B4C-A16C-4DCE-921F-A1E0E63749F5}.Debug|Any CPU.Build.0 = Debug|Any CPU
		{949D8B4C-A16C-4DCE-921F-A1E0E63749F5}.Debug|x64.ActiveCfg = Debug|Any CPU
		{949D8B4C-A16C-4DCE-921F-A1E0E63749F5}.Debug|x64.Build.0 = Debug|Any CPU
		{949D8B4C-A16C-4DCE-921F-A1E0E63749F5}.Debug|x86.ActiveCfg = Debug|Any CPU
		{949D8B4C-A16C-4DCE-921F-A1E0E63749F5}.Debug|x86.Build.0 = Debug|Any CPU
		{949D8B4C-A16C-4DCE-921F-A1E0E63749F5}.Release|Any CPU.ActiveCfg = Release|Any CPU
		{949D8B4C-A16C-4DCE-921F-A1E0E63749F5}.Release|Any CPU.Build.0 = Release|Any CPU
		{949D8B4C-A16C-4DCE-921F-A1E0E63749F5}.Release|x64.ActiveCfg = Release|Any CPU
		{949D8B4C-A16C-4DCE-921F-A1E0E63749F5}.Release|x64.Build.0 = Release|Any CPU
		{949D8B4C-A16C-4DCE-921F-A1E0E63749F5}.Release|x86.ActiveCfg = Release|Any CPU
		{949D8B4C-A16C-4DCE-921F-A1E0E63749F5}.Release|x86.Build.0 = Release|Any CPU
		{89CDA456-0464-430B-871C-DDCF177D2380}.Debug|Any CPU.ActiveCfg = Debug|Any CPU
		{89CDA456-0464-430B-871C-DDCF177D2380}.Debug|Any CPU.Build.0 = Debug|Any CPU
		{89CDA456-0464-430B-871C-DDCF177D2380}.Debug|x64.ActiveCfg = Debug|Any CPU
		{89CDA456-0464-430B-871C-DDCF177D2380}.Debug|x64.Build.0 = Debug|Any CPU
		{89CDA456-0464-430B-871C-DDCF177D2380}.Debug|x86.ActiveCfg = Debug|Any CPU
		{89CDA456-0464-430B-871C-DDCF177D2380}.Debug|x86.Build.0 = Debug|Any CPU
		{89CDA456-0464-430B-871C-DDCF177D2380}.Release|Any CPU.ActiveCfg = Release|Any CPU
		{89CDA456-0464-430B-871C-DDCF177D2380}.Release|Any CPU.Build.0 = Release|Any CPU
		{89CDA456-0464-430B-871C-DDCF177D2380}.Release|x64.ActiveCfg = Release|Any CPU
		{89CDA456-0464-430B-871C-DDCF177D2380}.Release|x64.Build.0 = Release|Any CPU
		{89CDA456-0464-430B-871C-DDCF177D2380}.Release|x86.ActiveCfg = Release|Any CPU
		{89CDA456-0464-430B-871C-DDCF177D2380}.Release|x86.Build.0 = Release|Any CPU
		{C8EDD1FA-8566-4CCA-9581-1A8B5763EED2}.Debug|Any CPU.ActiveCfg = Debug|Any CPU
		{C8EDD1FA-8566-4CCA-9581-1A8B5763EED2}.Debug|Any CPU.Build.0 = Debug|Any CPU
		{C8EDD1FA-8566-4CCA-9581-1A8B5763EED2}.Debug|x64.ActiveCfg = Debug|Any CPU
		{C8EDD1FA-8566-4CCA-9581-1A8B5763EED2}.Debug|x64.Build.0 = Debug|Any CPU
		{C8EDD1FA-8566-4CCA-9581-1A8B5763EED2}.Debug|x86.ActiveCfg = Debug|Any CPU
		{C8EDD1FA-8566-4CCA-9581-1A8B5763EED2}.Debug|x86.Build.0 = Debug|Any CPU
		{C8EDD1FA-8566-4CCA-9581-1A8B5763EED2}.Release|Any CPU.ActiveCfg = Release|Any CPU
		{C8EDD1FA-8566-4CCA-9581-1A8B5763EED2}.Release|Any CPU.Build.0 = Release|Any CPU
		{C8EDD1FA-8566-4CCA-9581-1A8B5763EED2}.Release|x64.ActiveCfg = Release|Any CPU
		{C8EDD1FA-8566-4CCA-9581-1A8B5763EED2}.Release|x64.Build.0 = Release|Any CPU
		{C8EDD1FA-8566-4CCA-9581-1A8B5763EED2}.Release|x86.ActiveCfg = Release|Any CPU
		{C8EDD1FA-8566-4CCA-9581-1A8B5763EED2}.Release|x86.Build.0 = Release|Any CPU
		{EAE8FB49-70C3-4E7B-A7F0-A3FEDC9B6DCD}.Debug|Any CPU.ActiveCfg = Debug|Any CPU
		{EAE8FB49-70C3-4E7B-A7F0-A3FEDC9B6DCD}.Debug|Any CPU.Build.0 = Debug|Any CPU
		{EAE8FB49-70C3-4E7B-A7F0-A3FEDC9B6DCD}.Debug|x64.ActiveCfg = Debug|Any CPU
		{EAE8FB49-70C3-4E7B-A7F0-A3FEDC9B6DCD}.Debug|x64.Build.0 = Debug|Any CPU
		{EAE8FB49-70C3-4E7B-A7F0-A3FEDC9B6DCD}.Debug|x86.ActiveCfg = Debug|Any CPU
		{EAE8FB49-70C3-4E7B-A7F0-A3FEDC9B6DCD}.Debug|x86.Build.0 = Debug|Any CPU
		{EAE8FB49-70C3-4E7B-A7F0-A3FEDC9B6DCD}.Release|Any CPU.ActiveCfg = Release|Any CPU
		{EAE8FB49-70C3-4E7B-A7F0-A3FEDC9B6DCD}.Release|Any CPU.Build.0 = Release|Any CPU
		{EAE8FB49-70C3-4E7B-A7F0-A3FEDC9B6DCD}.Release|x64.ActiveCfg = Release|Any CPU
		{EAE8FB49-70C3-4E7B-A7F0-A3FEDC9B6DCD}.Release|x64.Build.0 = Release|Any CPU
		{EAE8FB49-70C3-4E7B-A7F0-A3FEDC9B6DCD}.Release|x86.ActiveCfg = Release|Any CPU
		{EAE8FB49-70C3-4E7B-A7F0-A3FEDC9B6DCD}.Release|x86.Build.0 = Release|Any CPU
		{891C0493-6314-4BEC-83AC-1E37AE5CE117}.Debug|Any CPU.ActiveCfg = Debug|Any CPU
		{891C0493-6314-4BEC-83AC-1E37AE5CE117}.Debug|Any CPU.Build.0 = Debug|Any CPU
		{891C0493-6314-4BEC-83AC-1E37AE5CE117}.Debug|x64.ActiveCfg = Debug|Any CPU
		{891C0493-6314-4BEC-83AC-1E37AE5CE117}.Debug|x64.Build.0 = Debug|Any CPU
		{891C0493-6314-4BEC-83AC-1E37AE5CE117}.Debug|x86.ActiveCfg = Debug|Any CPU
		{891C0493-6314-4BEC-83AC-1E37AE5CE117}.Debug|x86.Build.0 = Debug|Any CPU
		{891C0493-6314-4BEC-83AC-1E37AE5CE117}.Release|Any CPU.ActiveCfg = Release|Any CPU
		{891C0493-6314-4BEC-83AC-1E37AE5CE117}.Release|Any CPU.Build.0 = Release|Any CPU
		{891C0493-6314-4BEC-83AC-1E37AE5CE117}.Release|x64.ActiveCfg = Release|Any CPU
		{891C0493-6314-4BEC-83AC-1E37AE5CE117}.Release|x64.Build.0 = Release|Any CPU
		{891C0493-6314-4BEC-83AC-1E37AE5CE117}.Release|x86.ActiveCfg = Release|Any CPU
		{891C0493-6314-4BEC-83AC-1E37AE5CE117}.Release|x86.Build.0 = Release|Any CPU
		{62894630-4EE2-4E3D-8B4F-6034B1117378}.Debug|Any CPU.ActiveCfg = Debug|Any CPU
		{62894630-4EE2-4E3D-8B4F-6034B1117378}.Debug|Any CPU.Build.0 = Debug|Any CPU
		{62894630-4EE2-4E3D-8B4F-6034B1117378}.Debug|x64.ActiveCfg = Debug|Any CPU
		{62894630-4EE2-4E3D-8B4F-6034B1117378}.Debug|x64.Build.0 = Debug|Any CPU
		{62894630-4EE2-4E3D-8B4F-6034B1117378}.Debug|x86.ActiveCfg = Debug|Any CPU
		{62894630-4EE2-4E3D-8B4F-6034B1117378}.Debug|x86.Build.0 = Debug|Any CPU
		{62894630-4EE2-4E3D-8B4F-6034B1117378}.Release|Any CPU.ActiveCfg = Release|Any CPU
		{62894630-4EE2-4E3D-8B4F-6034B1117378}.Release|Any CPU.Build.0 = Release|Any CPU
		{62894630-4EE2-4E3D-8B4F-6034B1117378}.Release|x64.ActiveCfg = Release|Any CPU
		{62894630-4EE2-4E3D-8B4F-6034B1117378}.Release|x64.Build.0 = Release|Any CPU
		{62894630-4EE2-4E3D-8B4F-6034B1117378}.Release|x86.ActiveCfg = Release|Any CPU
		{62894630-4EE2-4E3D-8B4F-6034B1117378}.Release|x86.Build.0 = Release|Any CPU
		{4E9E027D-3FF3-43DF-B52B-0B43C9003339}.Debug|Any CPU.ActiveCfg = Debug|Any CPU
		{4E9E027D-3FF3-43DF-B52B-0B43C9003339}.Debug|Any CPU.Build.0 = Debug|Any CPU
		{4E9E027D-3FF3-43DF-B52B-0B43C9003339}.Debug|x64.ActiveCfg = Debug|Any CPU
		{4E9E027D-3FF3-43DF-B52B-0B43C9003339}.Debug|x64.Build.0 = Debug|Any CPU
		{4E9E027D-3FF3-43DF-B52B-0B43C9003339}.Debug|x86.ActiveCfg = Debug|Any CPU
		{4E9E027D-3FF3-43DF-B52B-0B43C9003339}.Debug|x86.Build.0 = Debug|Any CPU
		{4E9E027D-3FF3-43DF-B52B-0B43C9003339}.Release|Any CPU.ActiveCfg = Release|Any CPU
		{4E9E027D-3FF3-43DF-B52B-0B43C9003339}.Release|Any CPU.Build.0 = Release|Any CPU
		{4E9E027D-3FF3-43DF-B52B-0B43C9003339}.Release|x64.ActiveCfg = Release|Any CPU
		{4E9E027D-3FF3-43DF-B52B-0B43C9003339}.Release|x64.Build.0 = Release|Any CPU
		{4E9E027D-3FF3-43DF-B52B-0B43C9003339}.Release|x86.ActiveCfg = Release|Any CPU
		{4E9E027D-3FF3-43DF-B52B-0B43C9003339}.Release|x86.Build.0 = Release|Any CPU
	EndGlobalSection
	GlobalSection(SolutionProperties) = preSolution
		HideSolutionNode = FALSE
	EndGlobalSection
	GlobalSection(ExtensibilityGlobals) = postSolution
		SolutionGuid = {A68703C9-E345-47D4-BB30-267D487229FA}
	EndGlobalSection
EndGlobal
